
Microsoft Visual Studio Solution File, Format Version 12.00
Project("{FAE04EC0-301F-11D3-BF4B-00C04F79EFBC}") = "TerraEyes-BusinessServer", "TerraEyes-BusinessServer\TerraEyes-BusinessServer.csproj", "{E004D2CE-5FE5-4470-ACC2-F85E9D0A21CE}"
EndProject
Global
	GlobalSection(SolutionConfigurationPlatforms) = preSolution
		Debug|Any CPU = Debug|Any CPU
		Release|Any CPU = Release|Any CPU
	EndGlobalSection
	GlobalSection(ProjectConfigurationPlatforms) = postSolution
		{E004D2CE-5FE5-4470-ACC2-F85E9D0A21CE}.Debug|Any CPU.ActiveCfg = Debug|Any CPU
		{E004D2CE-5FE5-4470-ACC2-F85E9D0A21CE}.Debug|Any CPU.Build.0 = Debug|Any CPU
		{E004D2CE-5FE5-4470-ACC2-F85E9D0A21CE}.Release|Any CPU.ActiveCfg = Release|Any CPU
		{E004D2CE-5FE5-4470-ACC2-F85E9D0A21CE}.Release|Any CPU.Build.0 = Release|Any CPU
	EndGlobalSection
EndGlobal
